
Microsoft Visual Studio Solution File, Format Version 12.00
# Visual Studio Version 17
VisualStudioVersion = 17.3.32922.545
MinimumVisualStudioVersion = 10.0.40219.1
Project("{9A19103F-16F7-4668-BE54-9A1E7A4F7556}") = "AzureDb.Passwordless.MySql", "AzureDb.Passwordless.MySql\AzureDb.Passwordless.MySql.csproj", "{651D60FC-A59A-43F8-932D-61D70871FF13}"
EndProject
Project("{9A19103F-16F7-4668-BE54-9A1E7A4F7556}") = "AzureDb.Passwordless.Postgresql", "AzureDb.Passwordless.Postgresql\AzureDb.Passwordless.Postgresql.csproj", "{8DA97DF9-7F45-4058-9887-C42995912623}"
EndProject
Project("{9A19103F-16F7-4668-BE54-9A1E7A4F7556}") = "AzureDb.Passwordless.Core", "AzureDb.Passwordless.Core\AzureDb.Passwordless.Core.csproj", "{B80B0555-7BAA-4CE1-BDE5-970D55037BFA}"
EndProject
Project("{9A19103F-16F7-4668-BE54-9A1E7A4F7556}") = "AzureDb.Passwordless.Postgresql.EntityFrameworkCore", "AzureDb.Passwordless.Postgresql.EntityFrameworkCore\AzureDb.Passwordless.Postgresql.EntityFrameworkCore.csproj", "{EFDD1479-99A0-4E67-A68E-B1585D0DD487}"
EndProject
Project("{9A19103F-16F7-4668-BE54-9A1E7A4F7556}") = "AzureDb.Passwordless.MySql.EntityFrameworkCore", "AzureDb.Passwordless.MySql.EntityFrameworkCore\AzureDb.Passwordless.MySql.EntityFrameworkCore.csproj", "{C75E8097-0F9F-4BFF-BEED-1D58AC3C92F5}"
EndProject
Project("{2150E333-8FDC-42A3-9474-1A3956D46DE8}") = "Tests", "Tests", "{66E21FE8-208E-4570-93BC-7F880E744B1F}"
EndProject
Project("{9A19103F-16F7-4668-BE54-9A1E7A4F7556}") = "AzureDb.Passwordless.PostgresqlTests", "AzureDb.Passwordless.PostgresqlTests\AzureDb.Passwordless.PostgresqlTests.csproj", "{C6CF2355-3EC8-420D-A4AC-86B954767BEF}"
EndProject
Project("{9A19103F-16F7-4668-BE54-9A1E7A4F7556}") = "Sample.Repository", "Sample.Repository\Sample.Repository.csproj", "{53F7297F-4765-48DF-AAD3-850E9A6EDAC8}"
EndProject
Project("{9A19103F-16F7-4668-BE54-9A1E7A4F7556}") = "AzureDb.Passwordless.MysqlTests", "AzureDb.Passwordless.MySqlTests\AzureDb.Passwordless.MysqlTests.csproj", "{FB7D3857-5F29-459E-961C-38A2694D8198}"
EndProject
Project("{9A19103F-16F7-4668-BE54-9A1E7A4F7556}") = "AzureDb.Passwordless.MySqlConnector", "AzureDb.Passwordless.MySqlConnector\AzureDb.Passwordless.MySqlConnector.csproj", "{13F9FE48-A615-4CB3-8ACF-4427CE0A4371}"
EndProject
Project("{9A19103F-16F7-4668-BE54-9A1E7A4F7556}") = "AzureDb.Passwordless.MySqlConnectorTests", "AzureDb.Passwordless.MySqlConnectorTests\AzureDb.Passwordless.MySqlConnectorTests.csproj", "{55647988-4878-4DCA-98E8-BC20A35D8CC4}"
EndProject
Project("{9A19103F-16F7-4668-BE54-9A1E7A4F7556}") = "AzureDb.Passwordless.MySqlConnector.EntityFrameworkCore", "AzureDb.Passwordless.MySqlConnector.EntityFrameworkCore\AzureDb.Passwordless.MySqlConnector.EntityFrameworkCore.csproj", "{DC68AEB7-6AC4-4E21-AA60-AB0E6476BC02}"
EndProject
Project("{9A19103F-16F7-4668-BE54-9A1E7A4F7556}") = "AzureDb.Passwordless.MSSqlTests", "AzureDb.Passwordless.MSSqlTests\AzureDb.Passwordless.MSSqlTests.csproj", "{C7B2A464-3274-4DEE-B47D-A5EAB333778D}"
EndProject
Project("{2150E333-8FDC-42A3-9474-1A3956D46DE8}") = "Solution Items", "Solution Items", "{DE7DCCC0-BF13-4796-A25F-18641FC197C0}"
	ProjectSection(SolutionItems) = preProject
		README.md = README.md
	EndProjectSection
EndProject
Project("{FAE04EC0-301F-11D3-BF4B-00C04F79EFBC}") = "AzureDb.Passwordless.CoreTests", "AzureDb.Passwordless.CoreTests\AzureDb.Passwordless.CoreTests.csproj", "{B6C0FD11-3B8B-496B-AE08-D422856DA8A1}"
EndProject
Global
	GlobalSection(SolutionConfigurationPlatforms) = preSolution
		Debug|Any CPU = Debug|Any CPU
		Release|Any CPU = Release|Any CPU
	EndGlobalSection
	GlobalSection(ProjectConfigurationPlatforms) = postSolution
		{651D60FC-A59A-43F8-932D-61D70871FF13}.Debug|Any CPU.ActiveCfg = Debug|Any CPU
		{651D60FC-A59A-43F8-932D-61D70871FF13}.Debug|Any CPU.Build.0 = Debug|Any CPU
		{651D60FC-A59A-43F8-932D-61D70871FF13}.Release|Any CPU.ActiveCfg = Release|Any CPU
		{651D60FC-A59A-43F8-932D-61D70871FF13}.Release|Any CPU.Build.0 = Release|Any CPU
		{8DA97DF9-7F45-4058-9887-C42995912623}.Debug|Any CPU.ActiveCfg = Debug|Any CPU
		{8DA97DF9-7F45-4058-9887-C42995912623}.Debug|Any CPU.Build.0 = Debug|Any CPU
		{8DA97DF9-7F45-4058-9887-C42995912623}.Release|Any CPU.ActiveCfg = Release|Any CPU
		{8DA97DF9-7F45-4058-9887-C42995912623}.Release|Any CPU.Build.0 = Release|Any CPU
		{B80B0555-7BAA-4CE1-BDE5-970D55037BFA}.Debug|Any CPU.ActiveCfg = Debug|Any CPU
		{B80B0555-7BAA-4CE1-BDE5-970D55037BFA}.Debug|Any CPU.Build.0 = Debug|Any CPU
		{B80B0555-7BAA-4CE1-BDE5-970D55037BFA}.Release|Any CPU.ActiveCfg = Release|Any CPU
		{B80B0555-7BAA-4CE1-BDE5-970D55037BFA}.Release|Any CPU.Build.0 = Release|Any CPU
		{EFDD1479-99A0-4E67-A68E-B1585D0DD487}.Debug|Any CPU.ActiveCfg = Debug|Any CPU
		{EFDD1479-99A0-4E67-A68E-B1585D0DD487}.Debug|Any CPU.Build.0 = Debug|Any CPU
		{EFDD1479-99A0-4E67-A68E-B1585D0DD487}.Release|Any CPU.ActiveCfg = Release|Any CPU
		{EFDD1479-99A0-4E67-A68E-B1585D0DD487}.Release|Any CPU.Build.0 = Release|Any CPU
		{C75E8097-0F9F-4BFF-BEED-1D58AC3C92F5}.Debug|Any CPU.ActiveCfg = Debug|Any CPU
		{C75E8097-0F9F-4BFF-BEED-1D58AC3C92F5}.Debug|Any CPU.Build.0 = Debug|Any CPU
		{C75E8097-0F9F-4BFF-BEED-1D58AC3C92F5}.Release|Any CPU.ActiveCfg = Release|Any CPU
		{C75E8097-0F9F-4BFF-BEED-1D58AC3C92F5}.Release|Any CPU.Build.0 = Release|Any CPU
		{C6CF2355-3EC8-420D-A4AC-86B954767BEF}.Debug|Any CPU.ActiveCfg = Debug|Any CPU
		{C6CF2355-3EC8-420D-A4AC-86B954767BEF}.Debug|Any CPU.Build.0 = Debug|Any CPU
		{C6CF2355-3EC8-420D-A4AC-86B954767BEF}.Release|Any CPU.ActiveCfg = Release|Any CPU
		{C6CF2355-3EC8-420D-A4AC-86B954767BEF}.Release|Any CPU.Build.0 = Release|Any CPU
		{53F7297F-4765-48DF-AAD3-850E9A6EDAC8}.Debug|Any CPU.ActiveCfg = Debug|Any CPU
		{53F7297F-4765-48DF-AAD3-850E9A6EDAC8}.Debug|Any CPU.Build.0 = Debug|Any CPU
		{53F7297F-4765-48DF-AAD3-850E9A6EDAC8}.Release|Any CPU.ActiveCfg = Release|Any CPU
		{53F7297F-4765-48DF-AAD3-850E9A6EDAC8}.Release|Any CPU.Build.0 = Release|Any CPU
		{FB7D3857-5F29-459E-961C-38A2694D8198}.Debug|Any CPU.ActiveCfg = Debug|Any CPU
		{FB7D3857-5F29-459E-961C-38A2694D8198}.Debug|Any CPU.Build.0 = Debug|Any CPU
		{FB7D3857-5F29-459E-961C-38A2694D8198}.Release|Any CPU.ActiveCfg = Release|Any CPU
		{FB7D3857-5F29-459E-961C-38A2694D8198}.Release|Any CPU.Build.0 = Release|Any CPU
		{13F9FE48-A615-4CB3-8ACF-4427CE0A4371}.Debug|Any CPU.ActiveCfg = Debug|Any CPU
		{13F9FE48-A615-4CB3-8ACF-4427CE0A4371}.Debug|Any CPU.Build.0 = Debug|Any CPU
		{13F9FE48-A615-4CB3-8ACF-4427CE0A4371}.Release|Any CPU.ActiveCfg = Release|Any CPU
		{13F9FE48-A615-4CB3-8ACF-4427CE0A4371}.Release|Any CPU.Build.0 = Release|Any CPU
		{55647988-4878-4DCA-98E8-BC20A35D8CC4}.Debug|Any CPU.ActiveCfg = Debug|Any CPU
		{55647988-4878-4DCA-98E8-BC20A35D8CC4}.Debug|Any CPU.Build.0 = Debug|Any CPU
		{55647988-4878-4DCA-98E8-BC20A35D8CC4}.Release|Any CPU.ActiveCfg = Release|Any CPU
		{55647988-4878-4DCA-98E8-BC20A35D8CC4}.Release|Any CPU.Build.0 = Release|Any CPU
		{DC68AEB7-6AC4-4E21-AA60-AB0E6476BC02}.Debug|Any CPU.ActiveCfg = Debug|Any CPU
		{DC68AEB7-6AC4-4E21-AA60-AB0E6476BC02}.Debug|Any CPU.Build.0 = Debug|Any CPU
		{DC68AEB7-6AC4-4E21-AA60-AB0E6476BC02}.Release|Any CPU.ActiveCfg = Release|Any CPU
		{DC68AEB7-6AC4-4E21-AA60-AB0E6476BC02}.Release|Any CPU.Build.0 = Release|Any CPU
		{C7B2A464-3274-4DEE-B47D-A5EAB333778D}.Debug|Any CPU.ActiveCfg = Debug|Any CPU
		{C7B2A464-3274-4DEE-B47D-A5EAB333778D}.Debug|Any CPU.Build.0 = Debug|Any CPU
		{C7B2A464-3274-4DEE-B47D-A5EAB333778D}.Release|Any CPU.ActiveCfg = Release|Any CPU
		{C7B2A464-3274-4DEE-B47D-A5EAB333778D}.Release|Any CPU.Build.0 = Release|Any CPU
		{B6C0FD11-3B8B-496B-AE08-D422856DA8A1}.Debug|Any CPU.ActiveCfg = Debug|Any CPU
		{B6C0FD11-3B8B-496B-AE08-D422856DA8A1}.Debug|Any CPU.Build.0 = Debug|Any CPU
		{B6C0FD11-3B8B-496B-AE08-D422856DA8A1}.Release|Any CPU.ActiveCfg = Release|Any CPU
		{B6C0FD11-3B8B-496B-AE08-D422856DA8A1}.Release|Any CPU.Build.0 = Release|Any CPU
	EndGlobalSection
	GlobalSection(SolutionProperties) = preSolution
		HideSolutionNode = FALSE
	EndGlobalSection
	GlobalSection(NestedProjects) = preSolution
		{C6CF2355-3EC8-420D-A4AC-86B954767BEF} = {66E21FE8-208E-4570-93BC-7F880E744B1F}
		{53F7297F-4765-48DF-AAD3-850E9A6EDAC8} = {66E21FE8-208E-4570-93BC-7F880E744B1F}
		{FB7D3857-5F29-459E-961C-38A2694D8198} = {66E21FE8-208E-4570-93BC-7F880E744B1F}
		{55647988-4878-4DCA-98E8-BC20A35D8CC4} = {66E21FE8-208E-4570-93BC-7F880E744B1F}
		{C7B2A464-3274-4DEE-B47D-A5EAB333778D} = {66E21FE8-208E-4570-93BC-7F880E744B1F}
		{B6C0FD11-3B8B-496B-AE08-D422856DA8A1} = {66E21FE8-208E-4570-93BC-7F880E744B1F}
	EndGlobalSection
	GlobalSection(ExtensibilityGlobals) = postSolution
		SolutionGuid = {ED098F7B-46CA-4E09-B40E-A8539FD3EC58}
	EndGlobalSection
EndGlobal
